
Microsoft Visual Studio Solution File, Format Version 12.00
# Visual Studio Version 17
VisualStudioVersion = 17.9.34616.47
MinimumVisualStudioVersion = 10.0.40219.1
Project("{F184B08F-C81C-45F6-A57F-5ABD9991F28F}") = "UnitFifth_InVisualBasic", "UnitFifth_InVisualBasic\UnitFifth_InVisualBasic.vbproj", "{D287F813-CDFE-465C-B7B3-FA96FE902293}"
EndProject
Global
	GlobalSection(SolutionConfigurationPlatforms) = preSolution
		Debug|Any CPU = Debug|Any CPU
		Release|Any CPU = Release|Any CPU
	EndGlobalSection
	GlobalSection(ProjectConfigurationPlatforms) = postSolution
		{D287F813-CDFE-465C-B7B3-FA96FE902293}.Debug|Any CPU.ActiveCfg = Debug|Any CPU
		{D287F813-CDFE-465C-B7B3-FA96FE902293}.Debug|Any CPU.Build.0 = Debug|Any CPU
		{D287F813-CDFE-465C-B7B3-FA96FE902293}.Release|Any CPU.ActiveCfg = Release|Any CPU
		{D287F813-CDFE-465C-B7B3-FA96FE902293}.Release|Any CPU.Build.0 = Release|Any CPU
	EndGlobalSection
	GlobalSection(SolutionProperties) = preSolution
		HideSolutionNode = FALSE
	EndGlobalSection
	GlobalSection(ExtensibilityGlobals) = postSolution
		SolutionGuid = {17E88572-C541-4E4B-8F53-CB64C31EE92F}
	EndGlobalSection
EndGlobal
